
Microsoft Visual Studio Solution File, Format Version 12.00
# Visual Studio Version 16
VisualStudioVersion = 16.0.30011.22
MinimumVisualStudioVersion = 10.0.40219.1
Project("{FAE04EC0-301F-11D3-BF4B-00C04F79EFBC}") = "AmongUs", "AmongUs\AmongUs.csproj", "{D58CCDB1-4A17-4C7D-867C-D39FFB1D3205}"
EndProject
Global
	GlobalSection(SolutionConfigurationPlatforms) = preSolution
		Debug|Any CPU = Debug|Any CPU
		Release|Any CPU = Release|Any CPU
	EndGlobalSection
	GlobalSection(ProjectConfigurationPlatforms) = postSolution
		{D58CCDB1-4A17-4C7D-867C-D39FFB1D3205}.Debug|Any CPU.ActiveCfg = Debug|Any CPU
		{D58CCDB1-4A17-4C7D-867C-D39FFB1D3205}.Debug|Any CPU.Build.0 = Debug|Any CPU
		{D58CCDB1-4A17-4C7D-867C-D39FFB1D3205}.Release|Any CPU.ActiveCfg = Release|Any CPU
		{D58CCDB1-4A17-4C7D-867C-D39FFB1D3205}.Release|Any CPU.Build.0 = Release|Any CPU
	EndGlobalSection
	GlobalSection(SolutionProperties) = preSolution
		HideSolutionNode = FALSE
	EndGlobalSection
	GlobalSection(ExtensibilityGlobals) = postSolution
		SolutionGuid = {BC0481E6-19E8-49C7-BED0-24FBF9E70E68}
	EndGlobalSection
EndGlobal
